{
	"name": "tmpl-service",
	"version": "0.0.0",
	"lockfileVersion": 3,
	"requires": true,
	"packages": {
		"": {
			"name": "tmpl-service",
			"version": "0.0.0",
			"license": "ISC",
			"dependencies": {
				"@types/node": "^18.15.10",
				"extes": "^4.2.1",
				"reroot": "^1.5.1",
				"shared-storage": "github:JCloudYu/shared-storage#7b5b910b369fd9f873ecc10a27f94144f26bbe77",
				"trimid": "^4.1.0"
			}
		},
		"node_modules/@types/node": {
			"version": "18.15.10",
			"resolved": "https://registry.npmjs.org/@types/node/-/node-18.15.10.tgz",
			"integrity": "sha512-9avDaQJczATcXgfmMAW3MIWArOO7A+m90vuCFLr8AotWf8igO/mRoYukrk2cqZVtv38tHs33retzHEilM7FpeQ=="
		},
		"node_modules/extes": {
			"version": "4.2.1",
			"resolved": "https://registry.npmjs.org/extes/-/extes-4.2.1.tgz",
			"integrity": "sha512-A3/QzWbXCPcP9VvhNUPk/JBoa/QPDi0/V630gvANnzzQEo19mYpyBC2owwWYEcYpCb/htSYgY4d4kHx2eMYDVw=="
		},
		"node_modules/reroot": {
			"version": "1.5.1",
			"resolved": "https://registry.npmjs.org/reroot/-/reroot-1.5.1.tgz",
			"integrity": "sha512-SvylAHkRz7HNWkdLgnrJiIoW3WN3yfhC9pmClv5NYXSXRnZwmwsc2SjFdyHN0X0YQIsw1Qn4AoFag9gHI57UQQ=="
		},
		"node_modules/shared-storage": {
			"version": "1.0.0",
			"resolved": "git+ssh://git@github.com/JCloudYu/shared-storage.git#7b5b910b369fd9f873ecc10a27f94144f26bbe77",
			"integrity": "sha512-6Mz1NGpvVI8Tc+kXnMR6W6JImOJDiEgp71gH9IyBxww37qygdzr0uChrp+p2hZdrej4BDlwy3ILkVpCOLlsyqg==",
			"license": "ISC"
		},
		"node_modules/trimid": {
			"version": "4.1.0",
			"resolved": "https://registry.npmjs.org/trimid/-/trimid-4.1.0.tgz",
			"integrity": "sha512-HTuGSqZ03e1nx4HjKjwTMjKLLf+yHpxwu76mOdlpsmJ8rnclkRdkYhZNf6sZDnvNoG6ZJg3AWPIw4N/9Y6jefg==",
			"bin": {
				"uniqid": "trimid.js"
			}
		}
	}
}
